{
    "_meta": {
        "hash": {
            "sha256": "edcf862a6eb808e406268abcfc11ce95347efb51d74ede5da6b7fd1b0173fcf0"
        },
        "pipfile-spec": 6,
        "requires": {
            "python_version": "3.9"
        },
        "sources": [
            {
                "name": "pypi",
                "url": "https://pypi.org/simple",
                "verify_ssl": true
            }
        ]
    },
    "default": {},
    "develop": {
        "logger": {
            "editable": true,
            "git": "https://github.com/hankadler/python-logger",
            "ref": "a29799185d1cccc90e14f65ca38b024004d434b1"
        }
    }
}
